
Microsoft Visual Studio Solution File, Format Version 12.00
# Visual Studio Version 16
VisualStudioVersion = 16.0.29519.87
MinimumVisualStudioVersion = 10.0.40219.1
Project("{FAE04EC0-301F-11D3-BF4B-00C04F79EFBC}") = "WindowsFormsApp4", "WindowsFormsApp4.csproj", "{050D124F-E2F7-4703-AA33-C38E1DCD8AF2}"
EndProject
Global
	GlobalSection(SolutionConfigurationPlatforms) = preSolution
		Debug|Any CPU = Debug|Any CPU
		Release|Any CPU = Release|Any CPU
	EndGlobalSection
	GlobalSection(ProjectConfigurationPlatforms) = postSolution
		{050D124F-E2F7-4703-AA33-C38E1DCD8AF2}.Debug|Any CPU.ActiveCfg = Debug|Any CPU
		{050D124F-E2F7-4703-AA33-C38E1DCD8AF2}.Debug|Any CPU.Build.0 = Debug|Any CPU
		{050D124F-E2F7-4703-AA33-C38E1DCD8AF2}.Release|Any CPU.ActiveCfg = Release|Any CPU
		{050D124F-E2F7-4703-AA33-C38E1DCD8AF2}.Release|Any CPU.Build.0 = Release|Any CPU
	EndGlobalSection
	GlobalSection(SolutionProperties) = preSolution
		HideSolutionNode = FALSE
	EndGlobalSection
	GlobalSection(ExtensibilityGlobals) = postSolution
		SolutionGuid = {50692307-45D8-44C5-8756-F889D870DD13}
	EndGlobalSection
EndGlobal
